// !$*UTF8*$!
{
	archiveVersion = 1;
	classes = {
	};
	objectVersion = 56;
	objects = {

/* Begin PBXBuildFile section */
		1A8643121F15292200108C19 /* Preferences.swift in Sources */ = {isa = PBXBuildFile; fileRef = 1A8643111F15292200108C19 /* Preferences.swift */; };
		D2D31D5D1C2303F500839D93 /* CryptAuthPlugin.m in Sources */ = {isa = PBXBuildFile; fileRef = D2D31D511C2303F500839D93 /* CryptAuthPlugin.m */; };
		D2D31D5F1C2303F500839D93 /* Check.swift in Sources */ = {isa = PBXBuildFile; fileRef = D2D31D541C2303F500839D93 /* Check.swift */; };
		D50ACC7C2A6C797E00F8E62D /* main.swift in Sources */ = {isa = PBXBuildFile; fileRef = D50ACC7B2A6C797E00F8E62D /* main.swift */; };
		D50ACC832A6C79D200F8E62D /* authmod in CopyFiles */ = {isa = PBXBuildFile; fileRef = D50ACC792A6C797E00F8E62D /* authmod */; settings = {ATTRIBUTES = (CodeSignOnCopy, ); }; };
		D50F65B12B8CE9C4008887DB /* Keychain.swift in Sources */ = {isa = PBXBuildFile; fileRef = D50F65B02B8CE9C4008887DB /* Keychain.swift */; };
		D50F65B32B8CEF27008887DB /* Logging.swift in Sources */ = {isa = PBXBuildFile; fileRef = D50F65B22B8CEF27008887DB /* Logging.swift */; };
		D54BDA342C31F4190028425F /* Filevault.swift in Sources */ = {isa = PBXBuildFile; fileRef = D54BDA332C31F4190028425F /* Filevault.swift */; };
		D579C9312D309A1F00FB6802 /* ArgumentParser in Frameworks */ = {isa = PBXBuildFile; productRef = D579C9302D309A1F00FB6802 /* ArgumentParser */; };
		D5C75AA72D4C06E900C77CA0 /* Core.swift in Sources */ = {isa = PBXBuildFile; fileRef = D5C75AA62D4C06E900C77CA0 /* Core.swift */; };
/* End PBXBuildFile section */

/* Begin PBXContainerItemProxy section */
		D50ACC852A6C7E1C00F8E62D /* PBXContainerItemProxy */ = {
			isa = PBXContainerItemProxy;
			containerPortal = FCD4FD8C1BEE763C00CF7F48 /* Project object */;
			proxyType = 1;
			remoteGlobalIDString = D50ACC782A6C797E00F8E62D;
			remoteInfo = authmod;
		};
/* End PBXContainerItemProxy section */

/* Begin PBXCopyFilesBuildPhase section */
		C7AD39031D22C32F000FB736 /* CopyFiles */ = {
			isa = PBXCopyFilesBuildPhase;
			buildActionMask = 2147483647;
			dstPath = "";
			dstSubfolderSpec = 6;
			files = (
				D50ACC832A6C79D200F8E62D /* authmod in CopyFiles */,
			);
			runOnlyForDeploymentPostprocessing = 0;
		};
		D50ACC772A6C797E00F8E62D /* CopyFiles */ = {
			isa = PBXCopyFilesBuildPhase;
			buildActionMask = 2147483647;
			dstPath = /usr/share/man/man1/;
			dstSubfolderSpec = 0;
			files = (
			);
			runOnlyForDeploymentPostprocessing = 1;
		};
/* End PBXCopyFilesBuildPhase section */

/* Begin PBXFileReference section */
		1A8643111F15292200108C19 /* Preferences.swift */ = {isa = PBXFileReference; fileEncoding = 4; lastKnownFileType = sourcecode.swift; path = Preferences.swift; sourceTree = "<group>"; };
		D2D31D4F1C2303F500839D93 /* Crypt-Bridging-Header.h */ = {isa = PBXFileReference; fileEncoding = 4; lastKnownFileType = sourcecode.c.h; name = "Crypt-Bridging-Header.h"; path = "Crypt/Crypt-Bridging-Header.h"; sourceTree = "<group>"; };
		D2D31D501C2303F500839D93 /* CryptAuthPlugin.h */ = {isa = PBXFileReference; fileEncoding = 4; lastKnownFileType = sourcecode.c.h; name = CryptAuthPlugin.h; path = Crypt/CryptAuthPlugin.h; sourceTree = "<group>"; };
		D2D31D511C2303F500839D93 /* CryptAuthPlugin.m */ = {isa = PBXFileReference; fileEncoding = 4; lastKnownFileType = sourcecode.c.objc; name = CryptAuthPlugin.m; path = Crypt/CryptAuthPlugin.m; sourceTree = "<group>"; };
		D2D31D521C2303F500839D93 /* Info.plist */ = {isa = PBXFileReference; fileEncoding = 4; lastKnownFileType = text.plist.xml; name = Info.plist; path = Crypt/Info.plist; sourceTree = "<group>"; };
		D2D31D541C2303F500839D93 /* Check.swift */ = {isa = PBXFileReference; fileEncoding = 4; lastKnownFileType = sourcecode.swift; path = Check.swift; sourceTree = "<group>"; };
		D2D31D651C23042A00839D93 /* Crypt.bundle */ = {isa = PBXFileReference; explicitFileType = wrapper.cfbundle; includeInIndex = 0; path = Crypt.bundle; sourceTree = BUILT_PRODUCTS_DIR; };
		D50ACC792A6C797E00F8E62D /* authmod */ = {isa = PBXFileReference; explicitFileType = "compiled.mach-o.executable"; includeInIndex = 0; path = authmod; sourceTree = BUILT_PRODUCTS_DIR; };
		D50ACC7B2A6C797E00F8E62D /* main.swift */ = {isa = PBXFileReference; lastKnownFileType = sourcecode.swift; path = main.swift; sourceTree = "<group>"; };
		D50F65B02B8CE9C4008887DB /* Keychain.swift */ = {isa = PBXFileReference; lastKnownFileType = sourcecode.swift; path = Keychain.swift; sourceTree = "<group>"; };
		D50F65B22B8CEF27008887DB /* Logging.swift */ = {isa = PBXFileReference; lastKnownFileType = sourcecode.swift; path = Logging.swift; sourceTree = "<group>"; };
		D54BDA332C31F4190028425F /* Filevault.swift */ = {isa = PBXFileReference; lastKnownFileType = sourcecode.swift; path = Filevault.swift; sourceTree = "<group>"; };
		D5C75AA62D4C06E900C77CA0 /* Core.swift */ = {isa = PBXFileReference; lastKnownFileType = sourcecode.swift; path = Core.swift; sourceTree = "<group>"; };
/* End PBXFileReference section */

/* Begin PBXFrameworksBuildPhase section */
		D50ACC762A6C797E00F8E62D /* Frameworks */ = {
			isa = PBXFrameworksBuildPhase;
			buildActionMask = 2147483647;
			files = (
				D579C9312D309A1F00FB6802 /* ArgumentParser in Frameworks */,
			);
			runOnlyForDeploymentPostprocessing = 0;
		};
		FCD4FD911BEE763C00CF7F48 /* Frameworks */ = {
			isa = PBXFrameworksBuildPhase;
			buildActionMask = 2147483647;
			files = (
			);
			runOnlyForDeploymentPostprocessing = 0;
		};
/* End PBXFrameworksBuildPhase section */

/* Begin PBXGroup section */
		1A8643131F15294900108C19 /* Utility */ = {
			isa = PBXGroup;
			children = (
				D5C75AA62D4C06E900C77CA0 /* Core.swift */,
				1A8643111F15292200108C19 /* Preferences.swift */,
				D50F65B02B8CE9C4008887DB /* Keychain.swift */,
				D50F65B22B8CEF27008887DB /* Logging.swift */,
				D54BDA332C31F4190028425F /* Filevault.swift */,
			);
			name = Utility;
			sourceTree = "<group>";
		};
		D2D31D531C2303F500839D93 /* Mechanisms */ = {
			isa = PBXGroup;
			children = (
				D2D31D541C2303F500839D93 /* Check.swift */,
			);
			name = Mechanisms;
			path = Crypt/Mechanisms;
			sourceTree = "<group>";
		};
		D50ACC7A2A6C797E00F8E62D /* authmod */ = {
			isa = PBXGroup;
			children = (
				D50ACC7B2A6C797E00F8E62D /* main.swift */,
			);
			path = authmod;
			sourceTree = "<group>";
		};
		D50ACC802A6C799A00F8E62D /* Frameworks */ = {
			isa = PBXGroup;
			children = (
			);
			name = Frameworks;
			sourceTree = "<group>";
		};
		FCD4FD8B1BEE763C00CF7F48 = {
			isa = PBXGroup;
			children = (
				1A8643131F15294900108C19 /* Utility */,
				D2D31D4F1C2303F500839D93 /* Crypt-Bridging-Header.h */,
				D2D31D501C2303F500839D93 /* CryptAuthPlugin.h */,
				D2D31D511C2303F500839D93 /* CryptAuthPlugin.m */,
				D2D31D521C2303F500839D93 /* Info.plist */,
				D2D31D531C2303F500839D93 /* Mechanisms */,
				D2D31D651C23042A00839D93 /* Crypt.bundle */,
				D50ACC792A6C797E00F8E62D /* authmod */,
				D50ACC7A2A6C797E00F8E62D /* authmod */,
				D50ACC802A6C799A00F8E62D /* Frameworks */,
			);
			indentWidth = 2;
			sourceTree = "<group>";
			tabWidth = 2;
		};
/* End PBXGroup section */

/* Begin PBXNativeTarget section */
		D50ACC782A6C797E00F8E62D /* authmod */ = {
			isa = PBXNativeTarget;
			buildConfigurationList = D50ACC7D2A6C797E00F8E62D /* Build configuration list for PBXNativeTarget "authmod" */;
			buildPhases = (
				D50ACC752A6C797E00F8E62D /* Sources */,
				D50ACC762A6C797E00F8E62D /* Frameworks */,
				D50ACC772A6C797E00F8E62D /* CopyFiles */,
			);
			buildRules = (
			);
			dependencies = (
			);
			name = authmod;
			packageProductDependencies = (
				D579C9302D309A1F00FB6802 /* ArgumentParser */,
			);
			productName = authmod;
			productReference = D50ACC792A6C797E00F8E62D /* authmod */;
			productType = "com.apple.product-type.tool";
		};
		FCD4FD931BEE763C00CF7F48 /* Crypt */ = {
			isa = PBXNativeTarget;
			buildConfigurationList = FCD4FD9A1BEE763C00CF7F48 /* Build configuration list for PBXNativeTarget "Crypt" */;
			buildPhases = (
				FCD4FD901BEE763C00CF7F48 /* Sources */,
				FCD4FD911BEE763C00CF7F48 /* Frameworks */,
				FCD4FD921BEE763C00CF7F48 /* Resources */,
				C7AD39031D22C32F000FB736 /* CopyFiles */,
				10173A431DBF70480030211B /* ShellScript */,
			);
			buildRules = (
			);
			dependencies = (
				D50ACC862A6C7E1C00F8E62D /* PBXTargetDependency */,
			);
			name = Crypt;
			packageProductDependencies = (
			);
			productName = Crypt;
			productReference = D2D31D651C23042A00839D93 /* Crypt.bundle */;
			productType = "com.apple.product-type.bundle";
		};
/* End PBXNativeTarget section */

/* Begin PBXProject section */
		FCD4FD8C1BEE763C00CF7F48 /* Project object */ = {
			isa = PBXProject;
			attributes = {
				BuildIndependentTargetsInParallel = YES;
				LastSwiftUpdateCheck = 1430;
				LastUpgradeCheck = 1620;
				ORGANIZATIONNAME = "Graham Gilbert";
				TargetAttributes = {
					D50ACC782A6C797E00F8E62D = {
						CreatedOnToolsVersion = 14.3.1;
					};
					FCD4FD931BEE763C00CF7F48 = {
						CreatedOnToolsVersion = 7.1;
						LastSwiftMigration = 1150;
					};
				};
			};
			buildConfigurationList = FCD4FD8F1BEE763C00CF7F48 /* Build configuration list for PBXProject "Crypt" */;
			compatibilityVersion = "Xcode 14.0";
			developmentRegion = en;
			hasScannedForEncodings = 0;
			knownRegions = (
				en,
				Base,
			);
			mainGroup = FCD4FD8B1BEE763C00CF7F48;
			packageReferences = (
				D579C92F2D309A1F00FB6802 /* XCRemoteSwiftPackageReference "swift-argument-parser" */,
			);
			productRefGroup = FCD4FD8B1BEE763C00CF7F48;
			projectDirPath = "";
			projectRoot = "";
			targets = (
				FCD4FD931BEE763C00CF7F48 /* Crypt */,
				D50ACC782A6C797E00F8E62D /* authmod */,
			);
		};
/* End PBXProject section */

/* Begin PBXResourcesBuildPhase section */
		FCD4FD921BEE763C00CF7F48 /* Resources */ = {
			isa = PBXResourcesBuildPhase;
			buildActionMask = 2147483647;
			files = (
			);
			runOnlyForDeploymentPostprocessing = 0;
		};
/* End PBXResourcesBuildPhase section */

/* Begin PBXShellScriptBuildPhase section */
		10173A431DBF70480030211B /* ShellScript */ = {
			isa = PBXShellScriptBuildPhase;
			buildActionMask = 2147483647;
			files = (
			);
			inputPaths = (
			);
			outputPaths = (
			);
			runOnlyForDeploymentPostprocessing = 0;
			shellPath = /bin/sh;
			shellScript = "# based on http://tgoode.com/2014/06/05/sensible-way-increment-bundle-version-cfbundleversion-xcode\nif git rev-parse --is-inside-work-tree 2> /dev/null > /dev/null; then\necho \"Setting CFBundleVersion to Git rev-list --count\"\nbuild_number=$(git rev-list HEAD --count)\n/usr/libexec/PlistBuddy -c \"Set :CFBundleVersion $build_number\" \"${PROJECT_DIR}/${INFOPLIST_FILE}\"\nelse\necho \"Not in a Git repo, not setting CFBundleVersion\"\nfi\n";
		};
/* End PBXShellScriptBuildPhase section */

/* Begin PBXSourcesBuildPhase section */
		D50ACC752A6C797E00F8E62D /* Sources */ = {
			isa = PBXSourcesBuildPhase;
			buildActionMask = 2147483647;
			files = (
				D50ACC7C2A6C797E00F8E62D /* main.swift in Sources */,
			);
			runOnlyForDeploymentPostprocessing = 0;
		};
		FCD4FD901BEE763C00CF7F48 /* Sources */ = {
			isa = PBXSourcesBuildPhase;
			buildActionMask = 2147483647;
			files = (
				D2D31D5F1C2303F500839D93 /* Check.swift in Sources */,
				D50F65B32B8CEF27008887DB /* Logging.swift in Sources */,
				1A8643121F15292200108C19 /* Preferences.swift in Sources */,
				D54BDA342C31F4190028425F /* Filevault.swift in Sources */,
				D2D31D5D1C2303F500839D93 /* CryptAuthPlugin.m in Sources */,
				D50F65B12B8CE9C4008887DB /* Keychain.swift in Sources */,
				D5C75AA72D4C06E900C77CA0 /* Core.swift in Sources */,
			);
			runOnlyForDeploymentPostprocessing = 0;
		};
/* End PBXSourcesBuildPhase section */

/* Begin PBXTargetDependency section */
		D50ACC862A6C7E1C00F8E62D /* PBXTargetDependency */ = {
			isa = PBXTargetDependency;
			target = D50ACC782A6C797E00F8E62D /* authmod */;
			targetProxy = D50ACC852A6C7E1C00F8E62D /* PBXContainerItemProxy */;
		};
/* End PBXTargetDependency section */

/* Begin XCBuildConfiguration section */
		D50ACC7E2A6C797E00F8E62D /* Debug */ = {
			isa = XCBuildConfiguration;
			buildSettings = {
				CLANG_ANALYZER_NONNULL = YES;
				CLANG_ANALYZER_NUMBER_OBJECT_CONVERSION = YES_AGGRESSIVE;
				CLANG_CXX_LANGUAGE_STANDARD = "gnu++20";
				CLANG_ENABLE_OBJC_WEAK = YES;
				CLANG_WARN_DOCUMENTATION_COMMENTS = YES;
				CLANG_WARN_UNGUARDED_AVAILABILITY = YES_AGGRESSIVE;
				CODE_SIGN_IDENTITY = "Apple Development";
				"CODE_SIGN_IDENTITY[sdk=macosx*]" = "Apple Development";
				CODE_SIGN_STYLE = Manual;
				DEAD_CODE_STRIPPING = YES;
				DEVELOPMENT_TEAM = "";
				"DEVELOPMENT_TEAM[sdk=macosx*]" = Y28TH9SHX7;
				ENABLE_HARDENED_RUNTIME = YES;
				GCC_C_LANGUAGE_STANDARD = gnu11;
				MACOSX_DEPLOYMENT_TARGET = 13.5;
				MTL_ENABLE_DEBUG_INFO = INCLUDE_SOURCE;
				MTL_FAST_MATH = YES;
				PRODUCT_NAME = "$(TARGET_NAME)";
				PROVISIONING_PROFILE_SPECIFIER = "";
				SWIFT_ACTIVE_COMPILATION_CONDITIONS = DEBUG;
				SWIFT_OPTIMIZATION_LEVEL = "-Onone";
				SWIFT_VERSION = 5.0;
			};
			name = Debug;
		};
		D50ACC7F2A6C797E00F8E62D /* Release */ = {
			isa = XCBuildConfiguration;
			buildSettings = {
				CLANG_ANALYZER_NONNULL = YES;
				CLANG_ANALYZER_NUMBER_OBJECT_CONVERSION = YES_AGGRESSIVE;
				CLANG_CXX_LANGUAGE_STANDARD = "gnu++20";
				CLANG_ENABLE_OBJC_WEAK = YES;
				CLANG_WARN_DOCUMENTATION_COMMENTS = YES;
				CLANG_WARN_UNGUARDED_AVAILABILITY = YES_AGGRESSIVE;
				CODE_SIGN_IDENTITY = "Apple Development";
				"CODE_SIGN_IDENTITY[sdk=macosx*]" = "Apple Development";
				CODE_SIGN_STYLE = Manual;
				DEAD_CODE_STRIPPING = YES;
				DEVELOPMENT_TEAM = "";
				"DEVELOPMENT_TEAM[sdk=macosx*]" = Y28TH9SHX7;
				ENABLE_HARDENED_RUNTIME = YES;
				GCC_C_LANGUAGE_STANDARD = gnu11;
				MACOSX_DEPLOYMENT_TARGET = 13.5;
				MTL_FAST_MATH = YES;
				PRODUCT_BUNDLE_IDENTIFIER = com.grahamgilbert.Crypt.authmod;
				PRODUCT_NAME = "$(TARGET_NAME)";
				PROVISIONING_PROFILE_SPECIFIER = "";
				SWIFT_VERSION = 5.0;
			};
			name = Release;
		};
		FCD4FD981BEE763C00CF7F48 /* Debug */ = {
			isa = XCBuildConfiguration;
			buildSettings = {
				ALWAYS_SEARCH_USER_PATHS = NO;
				ASSETCATALOG_COMPILER_GENERATE_SWIFT_ASSET_SYMBOL_EXTENSIONS = YES;
				CLANG_ANALYZER_LOCALIZABILITY_NONLOCALIZED = YES;
				CLANG_CXX_LANGUAGE_STANDARD = "gnu++0x";
				CLANG_CXX_LIBRARY = "libc++";
				CLANG_ENABLE_MODULES = YES;
				CLANG_ENABLE_OBJC_ARC = YES;
				CLANG_WARN_BLOCK_CAPTURE_AUTORELEASING = YES;
				CLANG_WARN_BOOL_CONVERSION = YES;
				CLANG_WARN_COMMA = YES;
				CLANG_WARN_CONSTANT_CONVERSION = YES;
				CLANG_WARN_DEPRECATED_OBJC_IMPLEMENTATIONS = YES;
				CLANG_WARN_DIRECT_OBJC_ISA_USAGE = YES_ERROR;
				CLANG_WARN_EMPTY_BODY = YES;
				CLANG_WARN_ENUM_CONVERSION = YES;
				CLANG_WARN_INFINITE_RECURSION = YES;
				CLANG_WARN_INT_CONVERSION = YES;
				CLANG_WARN_NON_LITERAL_NULL_CONVERSION = YES;
				CLANG_WARN_OBJC_IMPLICIT_RETAIN_SELF = YES;
				CLANG_WARN_OBJC_LITERAL_CONVERSION = YES;
				CLANG_WARN_OBJC_ROOT_CLASS = YES_ERROR;
				CLANG_WARN_QUOTED_INCLUDE_IN_FRAMEWORK_HEADER = YES;
				CLANG_WARN_RANGE_LOOP_ANALYSIS = YES;
				CLANG_WARN_STRICT_PROTOTYPES = YES;
				CLANG_WARN_SUSPICIOUS_MOVE = YES;
				CLANG_WARN_UNREACHABLE_CODE = YES;
				CLANG_WARN__DUPLICATE_METHOD_MATCH = YES;
				CODE_SIGN_IDENTITY = "Apple Development";
				COPY_PHASE_STRIP = NO;
				DEAD_CODE_STRIPPING = YES;
				DEBUG_INFORMATION_FORMAT = dwarf;
				ENABLE_STRICT_OBJC_MSGSEND = YES;
				ENABLE_TESTABILITY = YES;
				ENABLE_USER_SCRIPT_SANDBOXING = YES;
				GCC_C_LANGUAGE_STANDARD = gnu99;
				GCC_DYNAMIC_NO_PIC = NO;
				GCC_NO_COMMON_BLOCKS = YES;
				GCC_OPTIMIZATION_LEVEL = 0;
				GCC_PREPROCESSOR_DEFINITIONS = (
					"DEBUG=1",
					"$(inherited)",
				);
				GCC_WARN_64_TO_32_BIT_CONVERSION = YES;
				GCC_WARN_ABOUT_RETURN_TYPE = YES_ERROR;
				GCC_WARN_UNDECLARED_SELECTOR = YES;
				GCC_WARN_UNINITIALIZED_AUTOS = YES_AGGRESSIVE;
				GCC_WARN_UNUSED_FUNCTION = YES;
				GCC_WARN_UNUSED_VARIABLE = YES;
				MACOSX_DEPLOYMENT_TARGET = 13.5;
				MTL_ENABLE_DEBUG_INFO = YES;
				ONLY_ACTIVE_ARCH = YES;
				SDKROOT = macosx;
			};
			name = Debug;
		};
		FCD4FD991BEE763C00CF7F48 /* Release */ = {
			isa = XCBuildConfiguration;
			buildSettings = {
				ALWAYS_SEARCH_USER_PATHS = NO;
				ASSETCATALOG_COMPILER_GENERATE_SWIFT_ASSET_SYMBOL_EXTENSIONS = YES;
				CLANG_ANALYZER_LOCALIZABILITY_NONLOCALIZED = YES;
				CLANG_CXX_LANGUAGE_STANDARD = "gnu++0x";
				CLANG_CXX_LIBRARY = "libc++";
				CLANG_ENABLE_MODULES = YES;
				CLANG_ENABLE_OBJC_ARC = YES;
				CLANG_WARN_BLOCK_CAPTURE_AUTORELEASING = YES;
				CLANG_WARN_BOOL_CONVERSION = YES;
				CLANG_WARN_COMMA = YES;
				CLANG_WARN_CONSTANT_CONVERSION = YES;
				CLANG_WARN_DEPRECATED_OBJC_IMPLEMENTATIONS = YES;
				CLANG_WARN_DIRECT_OBJC_ISA_USAGE = YES_ERROR;
				CLANG_WARN_EMPTY_BODY = YES;
				CLANG_WARN_ENUM_CONVERSION = YES;
				CLANG_WARN_INFINITE_RECURSION = YES;
				CLANG_WARN_INT_CONVERSION = YES;
				CLANG_WARN_NON_LITERAL_NULL_CONVERSION = YES;
				CLANG_WARN_OBJC_IMPLICIT_RETAIN_SELF = YES;
				CLANG_WARN_OBJC_LITERAL_CONVERSION = YES;
				CLANG_WARN_OBJC_ROOT_CLASS = YES_ERROR;
				CLANG_WARN_QUOTED_INCLUDE_IN_FRAMEWORK_HEADER = YES;
				CLANG_WARN_RANGE_LOOP_ANALYSIS = YES;
				CLANG_WARN_STRICT_PROTOTYPES = YES;
				CLANG_WARN_SUSPICIOUS_MOVE = YES;
				CLANG_WARN_UNREACHABLE_CODE = YES;
				CLANG_WARN__DUPLICATE_METHOD_MATCH = YES;
				CODE_SIGN_IDENTITY = "Apple Development";
				COPY_PHASE_STRIP = NO;
				DEAD_CODE_STRIPPING = YES;
				DEBUG_INFORMATION_FORMAT = "dwarf-with-dsym";
				ENABLE_NS_ASSERTIONS = NO;
				ENABLE_STRICT_OBJC_MSGSEND = YES;
				ENABLE_USER_SCRIPT_SANDBOXING = YES;
				GCC_C_LANGUAGE_STANDARD = gnu99;
				GCC_NO_COMMON_BLOCKS = YES;
				GCC_WARN_64_TO_32_BIT_CONVERSION = YES;
				GCC_WARN_ABOUT_RETURN_TYPE = YES_ERROR;
				GCC_WARN_UNDECLARED_SELECTOR = YES;
				GCC_WARN_UNINITIALIZED_AUTOS = YES_AGGRESSIVE;
				GCC_WARN_UNUSED_FUNCTION = YES;
				GCC_WARN_UNUSED_VARIABLE = YES;
				MACOSX_DEPLOYMENT_TARGET = 13.5;
				MTL_ENABLE_DEBUG_INFO = NO;
				SDKROOT = macosx;
				SWIFT_COMPILATION_MODE = wholemodule;
				SWIFT_OPTIMIZATION_LEVEL = "-O";
			};
			name = Release;
		};
		FCD4FD9B1BEE763C00CF7F48 /* Debug */ = {
			isa = XCBuildConfiguration;
			buildSettings = {
				CLANG_ENABLE_MODULES = YES;
				CODE_SIGN_IDENTITY = "Mac Developer";
				"CODE_SIGN_IDENTITY[sdk=macosx*]" = "Apple Development";
				CODE_SIGN_STYLE = Manual;
				COMBINE_HIDPI_IMAGES = YES;
				CURRENT_PROJECT_VERSION = 6.0;
				DEAD_CODE_STRIPPING = YES;
				DEVELOPMENT_TEAM = "";
				"DEVELOPMENT_TEAM[sdk=macosx*]" = Y28TH9SHX7;
				INFOPLIST_FILE = Crypt/Info.plist;
				INSTALL_PATH = "$(LOCAL_LIBRARY_DIR)/Bundles";
				LD_RUNPATH_SEARCH_PATHS = (
					"$(inherited)",
					"@executable_path/../Frameworks",
					"@loader_path/../Frameworks",
				);
				MACOSX_DEPLOYMENT_TARGET = 13.5;
				MARKETING_VERSION = 6.0;
				PRODUCT_BUNDLE_IDENTIFIER = com.grahamgilbert.Crypt;
				PRODUCT_NAME = "$(TARGET_NAME)";
				PROVISIONING_PROFILE = "";
				PROVISIONING_PROFILE_SPECIFIER = "";
				SKIP_INSTALL = YES;
				SWIFT_COMPILATION_MODE = singlefile;
				SWIFT_OBJC_BRIDGING_HEADER = "Crypt/Crypt-Bridging-Header.h";
				SWIFT_OPTIMIZATION_LEVEL = "-Onone";
				SWIFT_SWIFT3_OBJC_INFERENCE = Default;
				SWIFT_VERSION = 5.0;
				WRAPPER_EXTENSION = bundle;
			};
			name = Debug;
		};
		FCD4FD9C1BEE763C00CF7F48 /* Release */ = {
			isa = XCBuildConfiguration;
			buildSettings = {
				CLANG_ENABLE_MODULES = YES;
				CODE_SIGN_IDENTITY = "Mac Developer";
				"CODE_SIGN_IDENTITY[sdk=macosx*]" = "Apple Development";
				CODE_SIGN_STYLE = Manual;
				COMBINE_HIDPI_IMAGES = YES;
				CURRENT_PROJECT_VERSION = 6.0;
				DEAD_CODE_STRIPPING = YES;
				DEVELOPMENT_TEAM = "";
				"DEVELOPMENT_TEAM[sdk=macosx*]" = Y28TH9SHX7;
				INFOPLIST_FILE = Crypt/Info.plist;
				INSTALL_PATH = "$(LOCAL_LIBRARY_DIR)/Bundles";
				LD_RUNPATH_SEARCH_PATHS = (
					"$(inherited)",
					"@executable_path/../Frameworks",
					"@loader_path/../Frameworks",
				);
				MACOSX_DEPLOYMENT_TARGET = 13.5;
				MARKETING_VERSION = 6.0;
				PRODUCT_BUNDLE_IDENTIFIER = com.grahamgilbert.Crypt;
				PRODUCT_NAME = "$(TARGET_NAME)";
				PROVISIONING_PROFILE = "";
				PROVISIONING_PROFILE_SPECIFIER = "";
				SKIP_INSTALL = YES;
				SWIFT_OBJC_BRIDGING_HEADER = "Crypt/Crypt-Bridging-Header.h";
				SWIFT_SWIFT3_OBJC_INFERENCE = Default;
				SWIFT_VERSION = 5.0;
				WRAPPER_EXTENSION = bundle;
			};
			name = Release;
		};
/* End XCBuildConfiguration section */

/* Begin XCConfigurationList section */
		D50ACC7D2A6C797E00F8E62D /* Build configuration list for PBXNativeTarget "authmod" */ = {
			isa = XCConfigurationList;
			buildConfigurations = (
				D50ACC7E2A6C797E00F8E62D /* Debug */,
				D50ACC7F2A6C797E00F8E62D /* Release */,
			);
			defaultConfigurationIsVisible = 0;
			defaultConfigurationName = Release;
		};
		FCD4FD8F1BEE763C00CF7F48 /* Build configuration list for PBXProject "Crypt" */ = {
			isa = XCConfigurationList;
			buildConfigurations = (
				FCD4FD981BEE763C00CF7F48 /* Debug */,
				FCD4FD991BEE763C00CF7F48 /* Release */,
			);
			defaultConfigurationIsVisible = 0;
			defaultConfigurationName = Release;
		};
		FCD4FD9A1BEE763C00CF7F48 /* Build configuration list for PBXNativeTarget "Crypt" */ = {
			isa = XCConfigurationList;
			buildConfigurations = (
				FCD4FD9B1BEE763C00CF7F48 /* Debug */,
				FCD4FD9C1BEE763C00CF7F48 /* Release */,
			);
			defaultConfigurationIsVisible = 0;
			defaultConfigurationName = Release;
		};
/* End XCConfigurationList section */

/* Begin XCRemoteSwiftPackageReference section */
		D579C92F2D309A1F00FB6802 /* XCRemoteSwiftPackageReference "swift-argument-parser" */ = {
			isa = XCRemoteSwiftPackageReference;
			repositoryURL = "https://github.com/apple/swift-argument-parser.git";
			requirement = {
				kind = upToNextMajorVersion;
				minimumVersion = 1.5.0;
			};
		};
/* End XCRemoteSwiftPackageReference section */

/* Begin XCSwiftPackageProductDependency section */
		D579C9302D309A1F00FB6802 /* ArgumentParser */ = {
			isa = XCSwiftPackageProductDependency;
			package = D579C92F2D309A1F00FB6802 /* XCRemoteSwiftPackageReference "swift-argument-parser" */;
			productName = ArgumentParser;
		};
/* End XCSwiftPackageProductDependency section */
	};
	rootObject = FCD4FD8C1BEE763C00CF7F48 /* Project object */;
}
