// !$*UTF8*$!
{
	archiveVersion = 1;
	classes = {
	};
	objectVersion = 50;
	objects = {

/* Begin PBXBuildFile section */
		1A5C742E1F15554700D9792A /* PromptWindowController.swift in Sources */ = {isa = PBXBuildFile; fileRef = 1A5C742D1F15554700D9792A /* PromptWindowController.swift */; };
		1A8643121F15292200108C19 /* Preferences.swift in Sources */ = {isa = PBXBuildFile; fileRef = 1A8643111F15292200108C19 /* Preferences.swift */; };
		C7AD39001D22B3E3000FB736 /* CryptMechanism.swift in Sources */ = {isa = PBXBuildFile; fileRef = C7AD38FF1D22B3E3000FB736 /* CryptMechanism.swift */; };
		D2D31D5D1C2303F500839D93 /* CryptAuthPlugin.m in Sources */ = {isa = PBXBuildFile; fileRef = D2D31D511C2303F500839D93 /* CryptAuthPlugin.m */; };
		D2D31D5F1C2303F500839D93 /* Check.swift in Sources */ = {isa = PBXBuildFile; fileRef = D2D31D541C2303F500839D93 /* Check.swift */; };
		D2D31D611C2303F500839D93 /* Enablement.swift in Sources */ = {isa = PBXBuildFile; fileRef = D2D31D571C2303F500839D93 /* Enablement.swift */; };
		D2D31D621C2303F500839D93 /* fv2.png in Resources */ = {isa = PBXBuildFile; fileRef = D2D31D591C2303F500839D93 /* fv2.png */; };
		D2D31D631C2303F500839D93 /* PromptWindowController.m in Sources */ = {isa = PBXBuildFile; fileRef = D2D31D5B1C2303F500839D93 /* PromptWindowController.m */; };
		D2D31D641C2303F500839D93 /* PromptWindowController.xib in Resources */ = {isa = PBXBuildFile; fileRef = D2D31D5C1C2303F500839D93 /* PromptWindowController.xib */; };
		D2D31D671C2307D500839D93 /* CryptGUI.swift in Sources */ = {isa = PBXBuildFile; fileRef = D2D31D661C2307D500839D93 /* CryptGUI.swift */; };
/* End PBXBuildFile section */

/* Begin PBXCopyFilesBuildPhase section */
		C7AD39031D22C32F000FB736 /* CopyFiles */ = {
			isa = PBXCopyFilesBuildPhase;
			buildActionMask = 2147483647;
			dstPath = "$(CONTENTS_FOLDER_PATH)/XPCServices";
			dstSubfolderSpec = 16;
			files = (
			);
			runOnlyForDeploymentPostprocessing = 0;
		};
/* End PBXCopyFilesBuildPhase section */

/* Begin PBXFileReference section */
		1A5C742D1F15554700D9792A /* PromptWindowController.swift */ = {isa = PBXFileReference; fileEncoding = 4; lastKnownFileType = sourcecode.swift; path = PromptWindowController.swift; sourceTree = "<group>"; };
		1A8643111F15292200108C19 /* Preferences.swift */ = {isa = PBXFileReference; fileEncoding = 4; lastKnownFileType = sourcecode.swift; path = Preferences.swift; sourceTree = "<group>"; };
		C7AD38FF1D22B3E3000FB736 /* CryptMechanism.swift */ = {isa = PBXFileReference; fileEncoding = 4; indentWidth = 2; lastKnownFileType = sourcecode.swift; path = CryptMechanism.swift; sourceTree = "<group>"; tabWidth = 2; };
		D2D31D4F1C2303F500839D93 /* Crypt-Bridging-Header.h */ = {isa = PBXFileReference; fileEncoding = 4; lastKnownFileType = sourcecode.c.h; name = "Crypt-Bridging-Header.h"; path = "Crypt/Crypt-Bridging-Header.h"; sourceTree = "<group>"; };
		D2D31D501C2303F500839D93 /* CryptAuthPlugin.h */ = {isa = PBXFileReference; fileEncoding = 4; lastKnownFileType = sourcecode.c.h; name = CryptAuthPlugin.h; path = Crypt/CryptAuthPlugin.h; sourceTree = "<group>"; };
		D2D31D511C2303F500839D93 /* CryptAuthPlugin.m */ = {isa = PBXFileReference; fileEncoding = 4; lastKnownFileType = sourcecode.c.objc; name = CryptAuthPlugin.m; path = Crypt/CryptAuthPlugin.m; sourceTree = "<group>"; };
		D2D31D521C2303F500839D93 /* Info.plist */ = {isa = PBXFileReference; fileEncoding = 4; lastKnownFileType = text.plist.xml; name = Info.plist; path = Crypt/Info.plist; sourceTree = "<group>"; };
		D2D31D541C2303F500839D93 /* Check.swift */ = {isa = PBXFileReference; fileEncoding = 4; lastKnownFileType = sourcecode.swift; path = Check.swift; sourceTree = "<group>"; };
		D2D31D571C2303F500839D93 /* Enablement.swift */ = {isa = PBXFileReference; fileEncoding = 4; lastKnownFileType = sourcecode.swift; path = Enablement.swift; sourceTree = "<group>"; };
		D2D31D591C2303F500839D93 /* fv2.png */ = {isa = PBXFileReference; lastKnownFileType = image.png; path = fv2.png; sourceTree = "<group>"; };
		D2D31D5A1C2303F500839D93 /* PromptWindowController.h */ = {isa = PBXFileReference; fileEncoding = 4; lastKnownFileType = sourcecode.c.h; path = PromptWindowController.h; sourceTree = "<group>"; };
		D2D31D5B1C2303F500839D93 /* PromptWindowController.m */ = {isa = PBXFileReference; fileEncoding = 4; lastKnownFileType = sourcecode.c.objc; path = PromptWindowController.m; sourceTree = "<group>"; };
		D2D31D5C1C2303F500839D93 /* PromptWindowController.xib */ = {isa = PBXFileReference; fileEncoding = 4; lastKnownFileType = file.xib; path = PromptWindowController.xib; sourceTree = "<group>"; };
		D2D31D651C23042A00839D93 /* Crypt.bundle */ = {isa = PBXFileReference; explicitFileType = wrapper.cfbundle; includeInIndex = 0; path = Crypt.bundle; sourceTree = BUILT_PRODUCTS_DIR; };
		D2D31D661C2307D500839D93 /* CryptGUI.swift */ = {isa = PBXFileReference; fileEncoding = 4; lastKnownFileType = sourcecode.swift; path = CryptGUI.swift; sourceTree = "<group>"; };
/* End PBXFileReference section */

/* Begin PBXFrameworksBuildPhase section */
		FCD4FD911BEE763C00CF7F48 /* Frameworks */ = {
			isa = PBXFrameworksBuildPhase;
			buildActionMask = 2147483647;
			files = (
			);
			runOnlyForDeploymentPostprocessing = 0;
		};
/* End PBXFrameworksBuildPhase section */

/* Begin PBXGroup section */
		1A8643131F15294900108C19 /* Utility */ = {
			isa = PBXGroup;
			children = (
				1A8643111F15292200108C19 /* Preferences.swift */,
			);
			name = Utility;
			sourceTree = "<group>";
		};
		D2D31D531C2303F500839D93 /* Mechanisms */ = {
			isa = PBXGroup;
			children = (
				C7AD38FF1D22B3E3000FB736 /* CryptMechanism.swift */,
				D2D31D541C2303F500839D93 /* Check.swift */,
				D2D31D661C2307D500839D93 /* CryptGUI.swift */,
				D2D31D571C2303F500839D93 /* Enablement.swift */,
			);
			name = Mechanisms;
			path = Crypt/Mechanisms;
			sourceTree = "<group>";
		};
		D2D31D581C2303F500839D93 /* Views */ = {
			isa = PBXGroup;
			children = (
				D2D31D591C2303F500839D93 /* fv2.png */,
				D2D31D5A1C2303F500839D93 /* PromptWindowController.h */,
				1A5C742D1F15554700D9792A /* PromptWindowController.swift */,
				D2D31D5B1C2303F500839D93 /* PromptWindowController.m */,
				D2D31D5C1C2303F500839D93 /* PromptWindowController.xib */,
			);
			name = Views;
			path = Crypt/Views;
			sourceTree = "<group>";
		};
		FCD4FD8B1BEE763C00CF7F48 = {
			isa = PBXGroup;
			children = (
				1A8643131F15294900108C19 /* Utility */,
				D2D31D4F1C2303F500839D93 /* Crypt-Bridging-Header.h */,
				D2D31D501C2303F500839D93 /* CryptAuthPlugin.h */,
				D2D31D511C2303F500839D93 /* CryptAuthPlugin.m */,
				D2D31D521C2303F500839D93 /* Info.plist */,
				D2D31D531C2303F500839D93 /* Mechanisms */,
				D2D31D581C2303F500839D93 /* Views */,
				D2D31D651C23042A00839D93 /* Crypt.bundle */,
			);
			indentWidth = 2;
			sourceTree = "<group>";
			tabWidth = 2;
		};
/* End PBXGroup section */

/* Begin PBXNativeTarget section */
		FCD4FD931BEE763C00CF7F48 /* Crypt */ = {
			isa = PBXNativeTarget;
			buildConfigurationList = FCD4FD9A1BEE763C00CF7F48 /* Build configuration list for PBXNativeTarget "Crypt" */;
			buildPhases = (
				FCD4FD901BEE763C00CF7F48 /* Sources */,
				FCD4FD911BEE763C00CF7F48 /* Frameworks */,
				FCD4FD921BEE763C00CF7F48 /* Resources */,
				C7AD39031D22C32F000FB736 /* CopyFiles */,
				10173A431DBF70480030211B /* ShellScript */,
			);
			buildRules = (
			);
			dependencies = (
			);
			name = Crypt;
			productName = Crypt;
			productReference = D2D31D651C23042A00839D93 /* Crypt.bundle */;
			productType = "com.apple.product-type.bundle";
		};
/* End PBXNativeTarget section */

/* Begin PBXProject section */
		FCD4FD8C1BEE763C00CF7F48 /* Project object */ = {
			isa = PBXProject;
			attributes = {
				LastUpgradeCheck = 0930;
				ORGANIZATIONNAME = "Graham Gilbert";
				TargetAttributes = {
					FCD4FD931BEE763C00CF7F48 = {
						CreatedOnToolsVersion = 7.1;
						LastSwiftMigration = 0930;
					};
				};
			};
			buildConfigurationList = FCD4FD8F1BEE763C00CF7F48 /* Build configuration list for PBXProject "Crypt" */;
			compatibilityVersion = "Xcode 9.3";
			developmentRegion = English;
			hasScannedForEncodings = 0;
			knownRegions = (
				English,
				en,
			);
			mainGroup = FCD4FD8B1BEE763C00CF7F48;
			productRefGroup = FCD4FD8B1BEE763C00CF7F48;
			projectDirPath = "";
			projectRoot = "";
			targets = (
				FCD4FD931BEE763C00CF7F48 /* Crypt */,
			);
		};
/* End PBXProject section */

/* Begin PBXResourcesBuildPhase section */
		FCD4FD921BEE763C00CF7F48 /* Resources */ = {
			isa = PBXResourcesBuildPhase;
			buildActionMask = 2147483647;
			files = (
				D2D31D621C2303F500839D93 /* fv2.png in Resources */,
				D2D31D641C2303F500839D93 /* PromptWindowController.xib in Resources */,
			);
			runOnlyForDeploymentPostprocessing = 0;
		};
/* End PBXResourcesBuildPhase section */

/* Begin PBXShellScriptBuildPhase section */
		10173A431DBF70480030211B /* ShellScript */ = {
			isa = PBXShellScriptBuildPhase;
			buildActionMask = 2147483647;
			files = (
			);
			inputPaths = (
			);
			outputPaths = (
			);
			runOnlyForDeploymentPostprocessing = 0;
			shellPath = /bin/sh;
			shellScript = "# based on http://tgoode.com/2014/06/05/sensible-way-increment-bundle-version-cfbundleversion-xcode\nif git rev-parse --is-inside-work-tree 2> /dev/null > /dev/null; then\necho \"Setting CFBundleVersion to Git rev-list --count\"\nbuild_number=$(git rev-list HEAD --count)\n/usr/libexec/PlistBuddy -c \"Set :CFBundleVersion $build_number\" \"${PROJECT_DIR}/${INFOPLIST_FILE}\"\nelse\necho \"Not in a Git repo, not setting CFBundleVersion\"\nfi\n";
		};
/* End PBXShellScriptBuildPhase section */

/* Begin PBXSourcesBuildPhase section */
		FCD4FD901BEE763C00CF7F48 /* Sources */ = {
			isa = PBXSourcesBuildPhase;
			buildActionMask = 2147483647;
			files = (
				D2D31D5F1C2303F500839D93 /* Check.swift in Sources */,
				1A8643121F15292200108C19 /* Preferences.swift in Sources */,
				D2D31D611C2303F500839D93 /* Enablement.swift in Sources */,
				D2D31D5D1C2303F500839D93 /* CryptAuthPlugin.m in Sources */,
				D2D31D671C2307D500839D93 /* CryptGUI.swift in Sources */,
				1A5C742E1F15554700D9792A /* PromptWindowController.swift in Sources */,
				D2D31D631C2303F500839D93 /* PromptWindowController.m in Sources */,
				C7AD39001D22B3E3000FB736 /* CryptMechanism.swift in Sources */,
			);
			runOnlyForDeploymentPostprocessing = 0;
		};
/* End PBXSourcesBuildPhase section */

/* Begin XCBuildConfiguration section */
		FCD4FD981BEE763C00CF7F48 /* Debug */ = {
			isa = XCBuildConfiguration;
			buildSettings = {
				ALWAYS_EMBED_SWIFT_STANDARD_LIBRARIES = YES;
				ALWAYS_SEARCH_USER_PATHS = NO;
				CLANG_CXX_LANGUAGE_STANDARD = "gnu++0x";
				CLANG_CXX_LIBRARY = "libc++";
				CLANG_ENABLE_MODULES = YES;
				CLANG_ENABLE_OBJC_ARC = YES;
				CLANG_WARN_BLOCK_CAPTURE_AUTORELEASING = YES;
				CLANG_WARN_BOOL_CONVERSION = YES;
				CLANG_WARN_COMMA = YES;
				CLANG_WARN_CONSTANT_CONVERSION = YES;
				CLANG_WARN_DEPRECATED_OBJC_IMPLEMENTATIONS = YES;
				CLANG_WARN_DIRECT_OBJC_ISA_USAGE = YES_ERROR;
				CLANG_WARN_EMPTY_BODY = YES;
				CLANG_WARN_ENUM_CONVERSION = YES;
				CLANG_WARN_INFINITE_RECURSION = YES;
				CLANG_WARN_INT_CONVERSION = YES;
				CLANG_WARN_NON_LITERAL_NULL_CONVERSION = YES;
				CLANG_WARN_OBJC_IMPLICIT_RETAIN_SELF = YES;
				CLANG_WARN_OBJC_LITERAL_CONVERSION = YES;
				CLANG_WARN_OBJC_ROOT_CLASS = YES_ERROR;
				CLANG_WARN_RANGE_LOOP_ANALYSIS = YES;
				CLANG_WARN_STRICT_PROTOTYPES = YES;
				CLANG_WARN_SUSPICIOUS_MOVE = YES;
				CLANG_WARN_UNREACHABLE_CODE = YES;
				CLANG_WARN__DUPLICATE_METHOD_MATCH = YES;
				CODE_SIGN_IDENTITY = "3rd Party Mac Developer Application";
				COPY_PHASE_STRIP = NO;
				DEBUG_INFORMATION_FORMAT = dwarf;
				ENABLE_STRICT_OBJC_MSGSEND = YES;
				ENABLE_TESTABILITY = YES;
				GCC_C_LANGUAGE_STANDARD = gnu99;
				GCC_DYNAMIC_NO_PIC = NO;
				GCC_NO_COMMON_BLOCKS = YES;
				GCC_OPTIMIZATION_LEVEL = 0;
				GCC_PREPROCESSOR_DEFINITIONS = (
					"DEBUG=1",
					"$(inherited)",
				);
				GCC_WARN_64_TO_32_BIT_CONVERSION = YES;
				GCC_WARN_ABOUT_RETURN_TYPE = YES_ERROR;
				GCC_WARN_UNDECLARED_SELECTOR = YES;
				GCC_WARN_UNINITIALIZED_AUTOS = YES_AGGRESSIVE;
				GCC_WARN_UNUSED_FUNCTION = YES;
				GCC_WARN_UNUSED_VARIABLE = YES;
				MACOSX_DEPLOYMENT_TARGET = 10.12;
				MTL_ENABLE_DEBUG_INFO = YES;
				ONLY_ACTIVE_ARCH = YES;
				SDKROOT = macosx;
			};
			name = Debug;
		};
		FCD4FD991BEE763C00CF7F48 /* Release */ = {
			isa = XCBuildConfiguration;
			buildSettings = {
				ALWAYS_EMBED_SWIFT_STANDARD_LIBRARIES = YES;
				ALWAYS_SEARCH_USER_PATHS = NO;
				CLANG_CXX_LANGUAGE_STANDARD = "gnu++0x";
				CLANG_CXX_LIBRARY = "libc++";
				CLANG_ENABLE_MODULES = YES;
				CLANG_ENABLE_OBJC_ARC = YES;
				CLANG_WARN_BLOCK_CAPTURE_AUTORELEASING = YES;
				CLANG_WARN_BOOL_CONVERSION = YES;
				CLANG_WARN_COMMA = YES;
				CLANG_WARN_CONSTANT_CONVERSION = YES;
				CLANG_WARN_DEPRECATED_OBJC_IMPLEMENTATIONS = YES;
				CLANG_WARN_DIRECT_OBJC_ISA_USAGE = YES_ERROR;
				CLANG_WARN_EMPTY_BODY = YES;
				CLANG_WARN_ENUM_CONVERSION = YES;
				CLANG_WARN_INFINITE_RECURSION = YES;
				CLANG_WARN_INT_CONVERSION = YES;
				CLANG_WARN_NON_LITERAL_NULL_CONVERSION = YES;
				CLANG_WARN_OBJC_IMPLICIT_RETAIN_SELF = YES;
				CLANG_WARN_OBJC_LITERAL_CONVERSION = YES;
				CLANG_WARN_OBJC_ROOT_CLASS = YES_ERROR;
				CLANG_WARN_RANGE_LOOP_ANALYSIS = YES;
				CLANG_WARN_STRICT_PROTOTYPES = YES;
				CLANG_WARN_SUSPICIOUS_MOVE = YES;
				CLANG_WARN_UNREACHABLE_CODE = YES;
				CLANG_WARN__DUPLICATE_METHOD_MATCH = YES;
				CODE_SIGN_IDENTITY = "3rd Party Mac Developer Application";
				COPY_PHASE_STRIP = NO;
				DEBUG_INFORMATION_FORMAT = "dwarf-with-dsym";
				ENABLE_NS_ASSERTIONS = NO;
				ENABLE_STRICT_OBJC_MSGSEND = YES;
				GCC_C_LANGUAGE_STANDARD = gnu99;
				GCC_NO_COMMON_BLOCKS = YES;
				GCC_WARN_64_TO_32_BIT_CONVERSION = YES;
				GCC_WARN_ABOUT_RETURN_TYPE = YES_ERROR;
				GCC_WARN_UNDECLARED_SELECTOR = YES;
				GCC_WARN_UNINITIALIZED_AUTOS = YES_AGGRESSIVE;
				GCC_WARN_UNUSED_FUNCTION = YES;
				GCC_WARN_UNUSED_VARIABLE = YES;
				MACOSX_DEPLOYMENT_TARGET = 10.12;
				MTL_ENABLE_DEBUG_INFO = NO;
				SDKROOT = macosx;
				SWIFT_COMPILATION_MODE = wholemodule;
				SWIFT_OPTIMIZATION_LEVEL = "-O";
			};
			name = Release;
		};
		FCD4FD9B1BEE763C00CF7F48 /* Debug */ = {
			isa = XCBuildConfiguration;
			buildSettings = {
				ALWAYS_EMBED_SWIFT_STANDARD_LIBRARIES = YES;
				CLANG_ENABLE_MODULES = YES;
				CODE_SIGN_IDENTITY = "Mac Developer";
				CODE_SIGN_STYLE = Automatic;
				COMBINE_HIDPI_IMAGES = YES;
				CURRENT_PROJECT_VERSION = 3.3.1;
				DEVELOPMENT_TEAM = "";
				INFOPLIST_FILE = Crypt/Info.plist;
				INSTALL_PATH = "$(LOCAL_LIBRARY_DIR)/Bundles";
				LD_RUNPATH_SEARCH_PATHS = (
					"$(inherited)",
					"@executable_path/../Frameworks",
					"@loader_path/../Frameworks",
				);
				MACOSX_DEPLOYMENT_TARGET = 10.13;
				MARKETING_VERSION = 3.3.1;
				PRODUCT_BUNDLE_IDENTIFIER = com.grahamgilbert.Crypt;
				PRODUCT_NAME = "$(TARGET_NAME)";
				PROVISIONING_PROFILE = "";
				PROVISIONING_PROFILE_SPECIFIER = "";
				SKIP_INSTALL = YES;
				SWIFT_COMPILATION_MODE = singlefile;
				SWIFT_OBJC_BRIDGING_HEADER = "Crypt/Crypt-Bridging-Header.h";
				SWIFT_OPTIMIZATION_LEVEL = "-Onone";
				SWIFT_SWIFT3_OBJC_INFERENCE = Default;
				SWIFT_VERSION = 4.2;
				WRAPPER_EXTENSION = bundle;
			};
			name = Debug;
		};
		FCD4FD9C1BEE763C00CF7F48 /* Release */ = {
			isa = XCBuildConfiguration;
			buildSettings = {
				ALWAYS_EMBED_SWIFT_STANDARD_LIBRARIES = YES;
				CLANG_ENABLE_MODULES = YES;
				CODE_SIGN_IDENTITY = "Mac Developer";
				CODE_SIGN_STYLE = Automatic;
				COMBINE_HIDPI_IMAGES = YES;
				CURRENT_PROJECT_VERSION = 3.3.1;
				DEVELOPMENT_TEAM = "";
				INFOPLIST_FILE = Crypt/Info.plist;
				INSTALL_PATH = "$(LOCAL_LIBRARY_DIR)/Bundles";
				LD_RUNPATH_SEARCH_PATHS = (
					"$(inherited)",
					"@executable_path/../Frameworks",
					"@loader_path/../Frameworks",
				);
				MACOSX_DEPLOYMENT_TARGET = 10.13;
				MARKETING_VERSION = 3.3.1;
				PRODUCT_BUNDLE_IDENTIFIER = com.grahamgilbert.Crypt;
				PRODUCT_NAME = "$(TARGET_NAME)";
				PROVISIONING_PROFILE = "";
				PROVISIONING_PROFILE_SPECIFIER = "";
				SKIP_INSTALL = YES;
				SWIFT_OBJC_BRIDGING_HEADER = "Crypt/Crypt-Bridging-Header.h";
				SWIFT_SWIFT3_OBJC_INFERENCE = Default;
				SWIFT_VERSION = 4.2;
				WRAPPER_EXTENSION = bundle;
			};
			name = Release;
		};
/* End XCBuildConfiguration section */

/* Begin XCConfigurationList section */
		FCD4FD8F1BEE763C00CF7F48 /* Build configuration list for PBXProject "Crypt" */ = {
			isa = XCConfigurationList;
			buildConfigurations = (
				FCD4FD981BEE763C00CF7F48 /* Debug */,
				FCD4FD991BEE763C00CF7F48 /* Release */,
			);
			defaultConfigurationIsVisible = 0;
			defaultConfigurationName = Release;
		};
		FCD4FD9A1BEE763C00CF7F48 /* Build configuration list for PBXNativeTarget "Crypt" */ = {
			isa = XCConfigurationList;
			buildConfigurations = (
				FCD4FD9B1BEE763C00CF7F48 /* Debug */,
				FCD4FD9C1BEE763C00CF7F48 /* Release */,
			);
			defaultConfigurationIsVisible = 0;
			defaultConfigurationName = Release;
		};
/* End XCConfigurationList section */
	};
	rootObject = FCD4FD8C1BEE763C00CF7F48 /* Project object */;
}
